
Microsoft Visual Studio Solution File, Format Version 12.00
# Visual Studio Version 16
VisualStudioVersion = 16.0.31702.278
MinimumVisualStudioVersion = 10.0.40219.1
Project("{FAE04EC0-301F-11D3-BF4B-00C04F79EFBC}") = "AutokereskedesGUI", "AutokereskedesGUI\AutokereskedesGUI.csproj", "{3566B0DE-82C1-4E3D-A44D-FBDC383B0A92}"
EndProject
Global
	GlobalSection(SolutionConfigurationPlatforms) = preSolution
		Debug|Any CPU = Debug|Any CPU
		Release|Any CPU = Release|Any CPU
	EndGlobalSection
	GlobalSection(ProjectConfigurationPlatforms) = postSolution
		{3566B0DE-82C1-4E3D-A44D-FBDC383B0A92}.Debug|Any CPU.ActiveCfg = Debug|Any CPU
		{3566B0DE-82C1-4E3D-A44D-FBDC383B0A92}.Debug|Any CPU.Build.0 = Debug|Any CPU
		{3566B0DE-82C1-4E3D-A44D-FBDC383B0A92}.Release|Any CPU.ActiveCfg = Release|Any CPU
		{3566B0DE-82C1-4E3D-A44D-FBDC383B0A92}.Release|Any CPU.Build.0 = Release|Any CPU
	EndGlobalSection
	GlobalSection(SolutionProperties) = preSolution
		HideSolutionNode = FALSE
	EndGlobalSection
	GlobalSection(ExtensibilityGlobals) = postSolution
		SolutionGuid = {897EBE78-B65D-4248-9F66-28693B061EAD}
	EndGlobalSection
EndGlobal
