
Microsoft Visual Studio Solution File, Format Version 12.00
# Visual Studio Version 17
VisualStudioVersion = 17.1.32210.238
MinimumVisualStudioVersion = 10.0.40219.1
Project("{FAE04EC0-301F-11D3-BF4B-00C04F79EFBC}") = "Balkezesek", "Balkezesek\Balkezesek.csproj", "{A1781F56-2CD8-43D7-95CB-886C7B9B5620}"
EndProject
Global
	GlobalSection(SolutionConfigurationPlatforms) = preSolution
		Debug|Any CPU = Debug|Any CPU
		Release|Any CPU = Release|Any CPU
	EndGlobalSection
	GlobalSection(ProjectConfigurationPlatforms) = postSolution
		{A1781F56-2CD8-43D7-95CB-886C7B9B5620}.Debug|Any CPU.ActiveCfg = Debug|Any CPU
		{A1781F56-2CD8-43D7-95CB-886C7B9B5620}.Debug|Any CPU.Build.0 = Debug|Any CPU
		{A1781F56-2CD8-43D7-95CB-886C7B9B5620}.Release|Any CPU.ActiveCfg = Release|Any CPU
		{A1781F56-2CD8-43D7-95CB-886C7B9B5620}.Release|Any CPU.Build.0 = Release|Any CPU
	EndGlobalSection
	GlobalSection(SolutionProperties) = preSolution
		HideSolutionNode = FALSE
	EndGlobalSection
	GlobalSection(ExtensibilityGlobals) = postSolution
		SolutionGuid = {7D4129EB-0024-462C-9778-FF0A1A251CE5}
	EndGlobalSection
EndGlobal
